{
  "projects": [
    {
      "projectId": "qnuJmRp9X9KCWes45xmZh2",
      "version": "latest",
      "dependencies": {},
      "lang": "ts",
      "fileLocks": [
        {
          "type": "globalVariant",
          "assetId": "gDcK0AoIH9KY",
          "checksum": "958ef72c1bf56b2626da12719c7640ac"
        },
        {
          "assetId": "qnuJmRp9X9KCWes45xmZh2",
          "type": "projectCss",
          "checksum": "d7759794d1ed23680bac1453da3abff4"
        },
        {
          "type": "renderModule",
          "assetId": "hZPzs6zdK4w",
          "checksum": "21041a316a84b60fccc8a6d5a06df287"
        },
        {
          "type": "cssRules",
          "assetId": "hZPzs6zdK4w",
          "checksum": "21041a316a84b60fccc8a6d5a06df287"
        },
        {
          "type": "renderModule",
          "assetId": "QpZuWDvTLeu6",
          "checksum": "7b932de4f2401bbb5a52ca0e6f190407"
        },
        {
          "type": "cssRules",
          "assetId": "QpZuWDvTLeu6",
          "checksum": "7b932de4f2401bbb5a52ca0e6f190407"
        },
        {
          "type": "renderModule",
          "assetId": "K9STCd6zWahe",
          "checksum": "497adab42d22441686d0c80870971bf9"
        },
        {
          "type": "cssRules",
          "assetId": "K9STCd6zWahe",
          "checksum": "497adab42d22441686d0c80870971bf9"
        },
        {
          "type": "renderModule",
          "assetId": "jGmyru90dyKZ",
          "checksum": "a4ffdadb2430bb7eb26a5ebf40093992"
        },
        {
          "type": "cssRules",
          "assetId": "jGmyru90dyKZ",
          "checksum": "a4ffdadb2430bb7eb26a5ebf40093992"
        },
        {
          "type": "renderModule",
          "assetId": "R3s9ViB0jv3F",
          "checksum": "7c55a9e329f5f27fab8297473dec05bc"
        },
        {
          "type": "cssRules",
          "assetId": "R3s9ViB0jv3F",
          "checksum": "7c55a9e329f5f27fab8297473dec05bc"
        },
        {
          "type": "renderModule",
          "assetId": "odU6Wr3SHR_W",
          "checksum": "d536f7a9d3ce8017f7503dbfd6cb7a52"
        },
        {
          "type": "cssRules",
          "assetId": "odU6Wr3SHR_W",
          "checksum": "d536f7a9d3ce8017f7503dbfd6cb7a52"
        },
        {
          "type": "renderModule",
          "assetId": "FkLAlzOX-ELp",
          "checksum": "885b60049bcaea58eb3cec89cc9062c6"
        },
        {
          "type": "cssRules",
          "assetId": "FkLAlzOX-ELp",
          "checksum": "885b60049bcaea58eb3cec89cc9062c6"
        },
        {
          "type": "renderModule",
          "assetId": "CEvMXq3EASX2",
          "checksum": "727d18341a779f67df70cebd12fe82ec"
        },
        {
          "type": "cssRules",
          "assetId": "CEvMXq3EASX2",
          "checksum": "727d18341a779f67df70cebd12fe82ec"
        },
        {
          "type": "renderModule",
          "assetId": "K5uMiZT94BdM",
          "checksum": "93947e60175f132efb96a9144975d189"
        },
        {
          "type": "cssRules",
          "assetId": "K5uMiZT94BdM",
          "checksum": "93947e60175f132efb96a9144975d189"
        },
        {
          "type": "renderModule",
          "assetId": "_7wJHvvzk_P_",
          "checksum": "bbd80aef6533df5f702a6a14e501f4c2"
        },
        {
          "type": "cssRules",
          "assetId": "_7wJHvvzk_P_",
          "checksum": "bbd80aef6533df5f702a6a14e501f4c2"
        },
        {
          "type": "renderModule",
          "assetId": "jHnROtgfmDlg",
          "checksum": "f49e748020079baab64eaab958b83d3c"
        },
        {
          "type": "cssRules",
          "assetId": "jHnROtgfmDlg",
          "checksum": "f49e748020079baab64eaab958b83d3c"
        },
        {
          "type": "renderModule",
          "assetId": "UvYh689WJEPi",
          "checksum": "e5cd613815648a83dd42c05900e95b11"
        },
        {
          "type": "cssRules",
          "assetId": "UvYh689WJEPi",
          "checksum": "e5cd613815648a83dd42c05900e95b11"
        },
        {
          "type": "renderModule",
          "assetId": "4pt7Rm1OUmJI",
          "checksum": "c56360219822ed7f5c35d83cfcdefd80"
        },
        {
          "type": "cssRules",
          "assetId": "4pt7Rm1OUmJI",
          "checksum": "c56360219822ed7f5c35d83cfcdefd80"
        },
        {
          "type": "renderModule",
          "assetId": "ahtObhAdLotH",
          "checksum": "a850f16408e87cf0f31f4e92ede77066"
        },
        {
          "type": "cssRules",
          "assetId": "ahtObhAdLotH",
          "checksum": "a850f16408e87cf0f31f4e92ede77066"
        },
        {
          "type": "renderModule",
          "assetId": "-aHqX6RCPqtz",
          "checksum": "fd87d094b9bf782d39c79006508c526f"
        },
        {
          "type": "cssRules",
          "assetId": "-aHqX6RCPqtz",
          "checksum": "fd87d094b9bf782d39c79006508c526f"
        },
        {
          "type": "renderModule",
          "assetId": "tc6yWpPlq_j2",
          "checksum": "7251b8cfbe9cdceb38191eb8d8046a6f"
        },
        {
          "type": "cssRules",
          "assetId": "tc6yWpPlq_j2",
          "checksum": "7251b8cfbe9cdceb38191eb8d8046a6f"
        },
        {
          "type": "icon",
          "assetId": "krHYL0NLxEcc",
          "checksum": "b806ba6052df7c61912d1da57c3cae9b"
        },
        {
          "type": "icon",
          "assetId": "rjgx_wGsMw53",
          "checksum": "d7b84fbc405bdde5c73926e5838b85e7"
        },
        {
          "type": "icon",
          "assetId": "E6146l2N4YF3",
          "checksum": "d2adc60fd53ec63c99bd8a821d4eba7b"
        },
        {
          "type": "icon",
          "assetId": "pesadw99hjUQ",
          "checksum": "e55b803d1eb04d6c461ee2d26d28fd86"
        },
        {
          "type": "icon",
          "assetId": "Fn0RWsOQm-AE",
          "checksum": "356a041c83a80135208863bd2748da38"
        },
        {
          "type": "icon",
          "assetId": "WXbNb4HIFkU0",
          "checksum": "8b7a09ea530e4042dbe74c9016c18d44"
        },
        {
          "type": "icon",
          "assetId": "pjCNM7QtSlFi",
          "checksum": "34e6fc7196bd550d669159a7e2502947"
        },
        {
          "type": "icon",
          "assetId": "3Wb9Brjq5H6f",
          "checksum": "766f38978ff75b19a2ca591dbd8c90b5"
        },
        {
          "type": "icon",
          "assetId": "1XAfv-RwLOpL",
          "checksum": "5c97297cbaf9f1a9fac022413b44210e"
        },
        {
          "type": "icon",
          "assetId": "ffTez6h0hwKQ",
          "checksum": "99fbfa989d59fc91e12c454355edfc54"
        },
        {
          "type": "icon",
          "assetId": "rfjNWy-PmaxY",
          "checksum": "3a4723a8b52aa3f34d5989789954d965"
        },
        {
          "type": "icon",
          "assetId": "6nhWpOg7VIH6",
          "checksum": "b5844061fdc8a86994e20e4f4aa127c3"
        },
        {
          "type": "icon",
          "assetId": "dVySWqJW_8KC",
          "checksum": "ffb99f397f90fc329dd3eae55838665d"
        },
        {
          "type": "icon",
          "assetId": "IiMzD80I3DEO",
          "checksum": "7cc9455457d2d6f2005318347926815e"
        },
        {
          "type": "icon",
          "assetId": "NM_fvCLHPa70",
          "checksum": "9b9091c5c70766b5b4bdd264baf26218"
        },
        {
          "type": "icon",
          "assetId": "LxINhR0A3XPa",
          "checksum": "f8c833267a7f9f634cb50fa54ed0af96"
        },
        {
          "type": "icon",
          "assetId": "hmFxv71nIhZu",
          "checksum": "aead949fc60a51ab402fb4eecf6d5c3b"
        },
        {
          "type": "image",
          "assetId": "zoguHbHLTIQo",
          "checksum": "9a9ad0303d902ebe5129ce5124dab106"
        },
        {
          "type": "image",
          "assetId": "Tfj5YVKsZhkk",
          "checksum": "52aaf7d3c7c8cc1634ae753bc3b5bee7"
        },
        {
          "type": "image",
          "assetId": "QahTBNKJ3NN9",
          "checksum": "80914a753da68797fd6477238e01564b"
        },
        {
          "type": "image",
          "assetId": "Otr4wdi9XT9B",
          "checksum": "18ff80d84c4aff91f33d6097e1816b2d"
        },
        {
          "type": "image",
          "assetId": "RxtmUUY7rJfs",
          "checksum": "ab78d3e76b0211707c70dae8034b3d49"
        },
        {
          "type": "image",
          "assetId": "18swU9xFRb6Z",
          "checksum": "fbcc54d124e7d0058e595e26f139f8af"
        },
        {
          "type": "image",
          "assetId": "knpTymgsvWge",
          "checksum": "a82b8a18c217ce2409a14ecb711a9306"
        },
        {
          "type": "image",
          "assetId": "Wu6B7aCx4-uS",
          "checksum": "d6568f373883207b74a662172bce9450"
        },
        {
          "type": "image",
          "assetId": "VZk9jVZDqgjG",
          "checksum": "96db3ce7e6f49c914c56bf442969c266"
        },
        {
          "type": "image",
          "assetId": "TMAdDU0FMtuC",
          "checksum": "9202e5df2a41bfc935fc11da923ee1b8"
        },
        {
          "type": "image",
          "assetId": "qFCgmyOWQxS7",
          "checksum": "0c6c1538d97d432bda94d0687243e7ad"
        },
        {
          "type": "image",
          "assetId": "AuzqNQCO85IL",
          "checksum": "ab34b9c61f921e464e4edb5ce23970f6"
        },
        {
          "type": "image",
          "assetId": "TO-k7XUTtps5",
          "checksum": "b017bbdb1a6703e4994ee092c4151d95"
        },
        {
          "type": "image",
          "assetId": "osqNiuQajmHn",
          "checksum": "b9a40f63ed6ab61cea1a6b6d2f94d8d7"
        },
        {
          "type": "image",
          "assetId": "nG0oKMIbDK-7",
          "checksum": "34433b7d56d3661091a2530f277c4c4d"
        },
        {
          "type": "image",
          "assetId": "O2XrWrxBZqv4",
          "checksum": "f104015bc1dce49842f2ce0170913be9"
        },
        {
          "type": "image",
          "assetId": "5KjRIS-MqcIw",
          "checksum": "50d576ccace6d454437036778b5cef87"
        },
        {
          "type": "image",
          "assetId": "NHLYms4m9Q4L",
          "checksum": "86da7dc4b8bac6ecaacdc02080eaa62d"
        },
        {
          "type": "image",
          "assetId": "og_i6K6SkJye",
          "checksum": "74ebe6deb45c8e827aaf11605510bdb5"
        },
        {
          "type": "image",
          "assetId": "aoDIAcwU5ftD",
          "checksum": "761199879b1300c5b4c98143104ca59d"
        }
      ]
    }
  ],
  "cliVersion": "0.1.166"
}
